// !$*UTF8*$!
{
	archiveVersion = 1;
	classes = {
	};
	objectVersion = 46;
	objects = {

/* Begin PBXBuildFile section */
		131DDBE91D6AF8D300369098 /* main.m in Sources */ = {isa = PBXBuildFile; fileRef = 131DDBE81D6AF8D300369098 /* main.m */; };
		131DDBEC1D6AF8D300369098 /* AppDelegate.m in Sources */ = {isa = PBXBuildFile; fileRef = 131DDBEB1D6AF8D300369098 /* AppDelegate.m */; };
		131DDBEF1D6AF8D300369098 /* ViewController.m in Sources */ = {isa = PBXBuildFile; fileRef = 131DDBEE1D6AF8D300369098 /* ViewController.m */; };
		131DDBF21D6AF8D300369098 /* Main.storyboard in Resources */ = {isa = PBXBuildFile; fileRef = 131DDBF01D6AF8D300369098 /* Main.storyboard */; };
		131DDBF41D6AF8D300369098 /* Assets.xcassets in Resources */ = {isa = PBXBuildFile; fileRef = 131DDBF31D6AF8D300369098 /* Assets.xcassets */; };
		131DDBF71D6AF8D300369098 /* LaunchScreen.storyboard in Resources */ = {isa = PBXBuildFile; fileRef = 131DDBF51D6AF8D300369098 /* LaunchScreen.storyboard */; };
		131DDC001D6AFD9300369098 /* AnimatedULogoView.m in Sources */ = {isa = PBXBuildFile; fileRef = 131DDBFF1D6AFD9300369098 /* AnimatedULogoView.m */; };
		131DDC031D6B02E800369098 /* Contans.m in Sources */ = {isa = PBXBuildFile; fileRef = 131DDC021D6B02E800369098 /* Contans.m */; };
/* End PBXBuildFile section */

/* Begin PBXFileReference section */
		131DDBE41D6AF8D300369098 /* Uber_Lacunch_OC.app */ = {isa = PBXFileReference; explicitFileType = wrapper.application; includeInIndex = 0; path = Uber_Lacunch_OC.app; sourceTree = BUILT_PRODUCTS_DIR; };
		131DDBE81D6AF8D300369098 /* main.m */ = {isa = PBXFileReference; lastKnownFileType = sourcecode.c.objc; path = main.m; sourceTree = "<group>"; };
		131DDBEA1D6AF8D300369098 /* AppDelegate.h */ = {isa = PBXFileReference; lastKnownFileType = sourcecode.c.h; path = AppDelegate.h; sourceTree = "<group>"; };
		131DDBEB1D6AF8D300369098 /* AppDelegate.m */ = {isa = PBXFileReference; lastKnownFileType = sourcecode.c.objc; path = AppDelegate.m; sourceTree = "<group>"; };
		131DDBED1D6AF8D300369098 /* ViewController.h */ = {isa = PBXFileReference; lastKnownFileType = sourcecode.c.h; path = ViewController.h; sourceTree = "<group>"; };
		131DDBEE1D6AF8D300369098 /* ViewController.m */ = {isa = PBXFileReference; lastKnownFileType = sourcecode.c.objc; path = ViewController.m; sourceTree = "<group>"; };
		131DDBF11D6AF8D300369098 /* Base */ = {isa = PBXFileReference; lastKnownFileType = file.storyboard; name = Base; path = Base.lproj/Main.storyboard; sourceTree = "<group>"; };
		131DDBF31D6AF8D300369098 /* Assets.xcassets */ = {isa = PBXFileReference; lastKnownFileType = folder.assetcatalog; path = Assets.xcassets; sourceTree = "<group>"; };
		131DDBF61D6AF8D300369098 /* Base */ = {isa = PBXFileReference; lastKnownFileType = file.storyboard; name = Base; path = Base.lproj/LaunchScreen.storyboard; sourceTree = "<group>"; };
		131DDBF81D6AF8D300369098 /* Info.plist */ = {isa = PBXFileReference; lastKnownFileType = text.plist.xml; path = Info.plist; sourceTree = "<group>"; };
		131DDBFE1D6AFD9300369098 /* AnimatedULogoView.h */ = {isa = PBXFileReference; fileEncoding = 4; lastKnownFileType = sourcecode.c.h; path = AnimatedULogoView.h; sourceTree = "<group>"; };
		131DDBFF1D6AFD9300369098 /* AnimatedULogoView.m */ = {isa = PBXFileReference; fileEncoding = 4; lastKnownFileType = sourcecode.c.objc; path = AnimatedULogoView.m; sourceTree = "<group>"; };
		131DDC011D6B02E800369098 /* Contans.h */ = {isa = PBXFileReference; fileEncoding = 4; lastKnownFileType = sourcecode.c.h; path = Contans.h; sourceTree = "<group>"; };
		131DDC021D6B02E800369098 /* Contans.m */ = {isa = PBXFileReference; fileEncoding = 4; lastKnownFileType = sourcecode.c.objc; path = Contans.m; sourceTree = "<group>"; };
/* End PBXFileReference section */

/* Begin PBXFrameworksBuildPhase section */
		131DDBE11D6AF8D300369098 /* Frameworks */ = {
			isa = PBXFrameworksBuildPhase;
			buildActionMask = 2147483647;
			files = (
			);
			runOnlyForDeploymentPostprocessing = 0;
		};
/* End PBXFrameworksBuildPhase section */

/* Begin PBXGroup section */
		131DDBDB1D6AF8D300369098 = {
			isa = PBXGroup;
			children = (
				131DDBE61D6AF8D300369098 /* Uber_Lacunch_OC */,
				131DDBE51D6AF8D300369098 /* Products */,
			);
			sourceTree = "<group>";
		};
		131DDBE51D6AF8D300369098 /* Products */ = {
			isa = PBXGroup;
			children = (
				131DDBE41D6AF8D300369098 /* Uber_Lacunch_OC.app */,
			);
			name = Products;
			sourceTree = "<group>";
		};
		131DDBE61D6AF8D300369098 /* Uber_Lacunch_OC */ = {
			isa = PBXGroup;
			children = (
				131DDBEA1D6AF8D300369098 /* AppDelegate.h */,
				131DDBEB1D6AF8D300369098 /* AppDelegate.m */,
				131DDBED1D6AF8D300369098 /* ViewController.h */,
				131DDBEE1D6AF8D300369098 /* ViewController.m */,
				131DDBFE1D6AFD9300369098 /* AnimatedULogoView.h */,
				131DDBFF1D6AFD9300369098 /* AnimatedULogoView.m */,
				131DDC011D6B02E800369098 /* Contans.h */,
				131DDC021D6B02E800369098 /* Contans.m */,
				131DDBF01D6AF8D300369098 /* Main.storyboard */,
				131DDBF31D6AF8D300369098 /* Assets.xcassets */,
				131DDBF51D6AF8D300369098 /* LaunchScreen.storyboard */,
				131DDBF81D6AF8D300369098 /* Info.plist */,
				131DDBE71D6AF8D300369098 /* Supporting Files */,
			);
			path = Uber_Lacunch_OC;
			sourceTree = "<group>";
		};
		131DDBE71D6AF8D300369098 /* Supporting Files */ = {
			isa = PBXGroup;
			children = (
				131DDBE81D6AF8D300369098 /* main.m */,
			);
			name = "Supporting Files";
			sourceTree = "<group>";
		};
/* End PBXGroup section */

/* Begin PBXNativeTarget section */
		131DDBE31D6AF8D300369098 /* Uber_Lacunch_OC */ = {
			isa = PBXNativeTarget;
			buildConfigurationList = 131DDBFB1D6AF8D300369098 /* Build configuration list for PBXNativeTarget "Uber_Lacunch_OC" */;
			buildPhases = (
				131DDBE01D6AF8D300369098 /* Sources */,
				131DDBE11D6AF8D300369098 /* Frameworks */,
				131DDBE21D6AF8D300369098 /* Resources */,
			);
			buildRules = (
			);
			dependencies = (
			);
			name = Uber_Lacunch_OC;
			productName = Uber_Lacunch_OC;
			productReference = 131DDBE41D6AF8D300369098 /* Uber_Lacunch_OC.app */;
			productType = "com.apple.product-type.application";
		};
/* End PBXNativeTarget section */

/* Begin PBXProject section */
		131DDBDC1D6AF8D300369098 /* Project object */ = {
			isa = PBXProject;
			attributes = {
				LastUpgradeCheck = 0730;
				ORGANIZATIONNAME = com.Durand;
				TargetAttributes = {
					131DDBE31D6AF8D300369098 = {
						CreatedOnToolsVersion = 7.3.1;
						DevelopmentTeam = MAJ37PQSZL;
					};
				};
			};
			buildConfigurationList = 131DDBDF1D6AF8D300369098 /* Build configuration list for PBXProject "Uber_Lacunch_OC" */;
			compatibilityVersion = "Xcode 3.2";
			developmentRegion = English;
			hasScannedForEncodings = 0;
			knownRegions = (
				en,
				Base,
			);
			mainGroup = 131DDBDB1D6AF8D300369098;
			productRefGroup = 131DDBE51D6AF8D300369098 /* Products */;
			projectDirPath = "";
			projectRoot = "";
			targets = (
				131DDBE31D6AF8D300369098 /* Uber_Lacunch_OC */,
			);
		};
/* End PBXProject section */

/* Begin PBXResourcesBuildPhase section */
		131DDBE21D6AF8D300369098 /* Resources */ = {
			isa = PBXResourcesBuildPhase;
			buildActionMask = 2147483647;
			files = (
				131DDBF71D6AF8D300369098 /* LaunchScreen.storyboard in Resources */,
				131DDBF41D6AF8D300369098 /* Assets.xcassets in Resources */,
				131DDBF21D6AF8D300369098 /* Main.storyboard in Resources */,
			);
			runOnlyForDeploymentPostprocessing = 0;
		};
/* End PBXResourcesBuildPhase section */

/* Begin PBXSourcesBuildPhase section */
		131DDBE01D6AF8D300369098 /* Sources */ = {
			isa = PBXSourcesBuildPhase;
			buildActionMask = 2147483647;
			files = (
				131DDBEF1D6AF8D300369098 /* ViewController.m in Sources */,
				131DDBEC1D6AF8D300369098 /* AppDelegate.m in Sources */,
				131DDC001D6AFD9300369098 /* AnimatedULogoView.m in Sources */,
				131DDBE91D6AF8D300369098 /* main.m in Sources */,
				131DDC031D6B02E800369098 /* Contans.m in Sources */,
			);
			runOnlyForDeploymentPostprocessing = 0;
		};
/* End PBXSourcesBuildPhase section */

/* Begin PBXVariantGroup section */
		131DDBF01D6AF8D300369098 /* Main.storyboard */ = {
			isa = PBXVariantGroup;
			children = (
				131DDBF11D6AF8D300369098 /* Base */,
			);
			name = Main.storyboard;
			sourceTree = "<group>";
		};
		131DDBF51D6AF8D300369098 /* LaunchScreen.storyboard */ = {
			isa = PBXVariantGroup;
			children = (
				131DDBF61D6AF8D300369098 /* Base */,
			);
			name = LaunchScreen.storyboard;
			sourceTree = "<group>";
		};
/* End PBXVariantGroup section */

/* Begin XCBuildConfiguration section */
		131DDBF91D6AF8D300369098 /* Debug */ = {
			isa = XCBuildConfiguration;
			buildSettings = {
				ALWAYS_SEARCH_USER_PATHS = NO;
				CLANG_ANALYZER_NONNULL = YES;
				CLANG_CXX_LANGUAGE_STANDARD = "gnu++0x";
				CLANG_CXX_LIBRARY = "libc++";
				CLANG_ENABLE_MODULES = YES;
				CLANG_ENABLE_OBJC_ARC = YES;
				CLANG_WARN_BOOL_CONVERSION = YES;
				CLANG_WARN_CONSTANT_CONVERSION = YES;
				CLANG_WARN_DIRECT_OBJC_ISA_USAGE = YES_ERROR;
				CLANG_WARN_EMPTY_BODY = YES;
				CLANG_WARN_ENUM_CONVERSION = YES;
				CLANG_WARN_INT_CONVERSION = YES;
				CLANG_WARN_OBJC_ROOT_CLASS = YES_ERROR;
				CLANG_WARN_UNREACHABLE_CODE = YES;
				CLANG_WARN__DUPLICATE_METHOD_MATCH = YES;
				"CODE_SIGN_IDENTITY[sdk=iphoneos*]" = "iPhone Developer";
				COPY_PHASE_STRIP = NO;
				DEBUG_INFORMATION_FORMAT = dwarf;
				ENABLE_STRICT_OBJC_MSGSEND = YES;
				ENABLE_TESTABILITY = YES;
				GCC_C_LANGUAGE_STANDARD = gnu99;
				GCC_DYNAMIC_NO_PIC = NO;
				GCC_NO_COMMON_BLOCKS = YES;
				GCC_OPTIMIZATION_LEVEL = 0;
				GCC_PREPROCESSOR_DEFINITIONS = (
					"DEBUG=1",
					"$(inherited)",
				);
				GCC_WARN_64_TO_32_BIT_CONVERSION = YES;
				GCC_WARN_ABOUT_RETURN_TYPE = YES_ERROR;
				GCC_WARN_UNDECLARED_SELECTOR = YES;
				GCC_WARN_UNINITIALIZED_AUTOS = YES_AGGRESSIVE;
				GCC_WARN_UNUSED_FUNCTION = YES;
				GCC_WARN_UNUSED_VARIABLE = YES;
				IPHONEOS_DEPLOYMENT_TARGET = 9.3;
				MTL_ENABLE_DEBUG_INFO = YES;
				ONLY_ACTIVE_ARCH = YES;
				SDKROOT = iphoneos;
				TARGETED_DEVICE_FAMILY = "1,2";
			};
			name = Debug;
		};
		131DDBFA1D6AF8D300369098 /* Release */ = {
			isa = XCBuildConfiguration;
			buildSettings = {
				ALWAYS_SEARCH_USER_PATHS = NO;
				CLANG_ANALYZER_NONNULL = YES;
				CLANG_CXX_LANGUAGE_STANDARD = "gnu++0x";
				CLANG_CXX_LIBRARY = "libc++";
				CLANG_ENABLE_MODULES = YES;
				CLANG_ENABLE_OBJC_ARC = YES;
				CLANG_WARN_BOOL_CONVERSION = YES;
				CLANG_WARN_CONSTANT_CONVERSION = YES;
				CLANG_WARN_DIRECT_OBJC_ISA_USAGE = YES_ERROR;
				CLANG_WARN_EMPTY_BODY = YES;
				CLANG_WARN_ENUM_CONVERSION = YES;
				CLANG_WARN_INT_CONVERSION = YES;
				CLANG_WARN_OBJC_ROOT_CLASS = YES_ERROR;
				CLANG_WARN_UNREACHABLE_CODE = YES;
				CLANG_WARN__DUPLICATE_METHOD_MATCH = YES;
				"CODE_SIGN_IDENTITY[sdk=iphoneos*]" = "iPhone Developer";
				COPY_PHASE_STRIP = NO;
				DEBUG_INFORMATION_FORMAT = "dwarf-with-dsym";
				ENABLE_NS_ASSERTIONS = NO;
				ENABLE_STRICT_OBJC_MSGSEND = YES;
				GCC_C_LANGUAGE_STANDARD = gnu99;
				GCC_NO_COMMON_BLOCKS = YES;
				GCC_WARN_64_TO_32_BIT_CONVERSION = YES;
				GCC_WARN_ABOUT_RETURN_TYPE = YES_ERROR;
				GCC_WARN_UNDECLARED_SELECTOR = YES;
				GCC_WARN_UNINITIALIZED_AUTOS = YES_AGGRESSIVE;
				GCC_WARN_UNUSED_FUNCTION = YES;
				GCC_WARN_UNUSED_VARIABLE = YES;
				IPHONEOS_DEPLOYMENT_TARGET = 9.3;
				MTL_ENABLE_DEBUG_INFO = NO;
				SDKROOT = iphoneos;
				TARGETED_DEVICE_FAMILY = "1,2";
				VALIDATE_PRODUCT = YES;
			};
			name = Release;
		};
		131DDBFC1D6AF8D300369098 /* Debug */ = {
			isa = XCBuildConfiguration;
			buildSettings = {
				ASSETCATALOG_COMPILER_APPICON_NAME = AppIcon;
				CODE_SIGN_IDENTITY = "iPhone Developer";
				"CODE_SIGN_IDENTITY[sdk=iphoneos*]" = "iPhone Developer";
				INFOPLIST_FILE = Uber_Lacunch_OC/Info.plist;
				IPHONEOS_DEPLOYMENT_TARGET = 8.1;
				LD_RUNPATH_SEARCH_PATHS = "$(inherited) @executable_path/Frameworks";
				PRODUCT_BUNDLE_IDENTIFIER = "com.Durand.Uber-Lacunch-OC";
				PRODUCT_NAME = "$(TARGET_NAME)";
				PROVISIONING_PROFILE = "";
			};
			name = Debug;
		};
		131DDBFD1D6AF8D300369098 /* Release */ = {
			isa = XCBuildConfiguration;
			buildSettings = {
				ASSETCATALOG_COMPILER_APPICON_NAME = AppIcon;
				CODE_SIGN_IDENTITY = "iPhone Developer";
				"CODE_SIGN_IDENTITY[sdk=iphoneos*]" = "iPhone Developer";
				INFOPLIST_FILE = Uber_Lacunch_OC/Info.plist;
				IPHONEOS_DEPLOYMENT_TARGET = 8.1;
				LD_RUNPATH_SEARCH_PATHS = "$(inherited) @executable_path/Frameworks";
				PRODUCT_BUNDLE_IDENTIFIER = "com.Durand.Uber-Lacunch-OC";
				PRODUCT_NAME = "$(TARGET_NAME)";
				PROVISIONING_PROFILE = "";
			};
			name = Release;
		};
/* End XCBuildConfiguration section */

/* Begin XCConfigurationList section */
		131DDBDF1D6AF8D300369098 /* Build configuration list for PBXProject "Uber_Lacunch_OC" */ = {
			isa = XCConfigurationList;
			buildConfigurations = (
				131DDBF91D6AF8D300369098 /* Debug */,
				131DDBFA1D6AF8D300369098 /* Release */,
			);
			defaultConfigurationIsVisible = 0;
			defaultConfigurationName = Release;
		};
		131DDBFB1D6AF8D300369098 /* Build configuration list for PBXNativeTarget "Uber_Lacunch_OC" */ = {
			isa = XCConfigurationList;
			buildConfigurations = (
				131DDBFC1D6AF8D300369098 /* Debug */,
				131DDBFD1D6AF8D300369098 /* Release */,
			);
			defaultConfigurationIsVisible = 0;
		};
/* End XCConfigurationList section */
	};
	rootObject = 131DDBDC1D6AF8D300369098 /* Project object */;
}
